// !$*UTF8*$!
{
	archiveVersion = 1;
	classes = {
	};
	objectVersion = 50;
	objects = {

/* Begin PBXBuildFile section */
		BE22E95526B86FD2005E44E1 /* MusicTableViewController.swift in Sources */ = {isa = PBXBuildFile; fileRef = BE22E95426B86FD2005E44E1 /* MusicTableViewController.swift */; };
		BE22E95726B87007005E44E1 /* MovieTableViewController.swift in Sources */ = {isa = PBXBuildFile; fileRef = BE22E95626B87007005E44E1 /* MovieTableViewController.swift */; };
		BE22E95926B9E922005E44E1 /* Song.swift in Sources */ = {isa = PBXBuildFile; fileRef = BE22E95826B9E922005E44E1 /* Song.swift */; };
		BE22E95B26B9EA94005E44E1 /* DataManager.swift in Sources */ = {isa = PBXBuildFile; fileRef = BE22E95A26B9EA94005E44E1 /* DataManager.swift */; };
		BE22E95D26B9FC03005E44E1 /* DetailMusicViewController.swift in Sources */ = {isa = PBXBuildFile; fileRef = BE22E95C26B9FC03005E44E1 /* DetailMusicViewController.swift */; };
		BE723A7826BA09D900C2DF87 /* MovieTableViewCell.swift in Sources */ = {isa = PBXBuildFile; fileRef = BE723A7726BA09D900C2DF87 /* MovieTableViewCell.swift */; };
		BE723A7A26BA16F400C2DF87 /* Movie.swift in Sources */ = {isa = PBXBuildFile; fileRef = BE723A7926BA16F400C2DF87 /* Movie.swift */; };
		BEFA99D126B84D0B0089F1CF /* AppDelegate.swift in Sources */ = {isa = PBXBuildFile; fileRef = BEFA99D026B84D0B0089F1CF /* AppDelegate.swift */; };
		BEFA99D326B84D0B0089F1CF /* SceneDelegate.swift in Sources */ = {isa = PBXBuildFile; fileRef = BEFA99D226B84D0B0089F1CF /* SceneDelegate.swift */; };
		BEFA99D826B84D0B0089F1CF /* Main.storyboard in Resources */ = {isa = PBXBuildFile; fileRef = BEFA99D626B84D0B0089F1CF /* Main.storyboard */; };
		BEFA99DA26B84D0E0089F1CF /* Assets.xcassets in Resources */ = {isa = PBXBuildFile; fileRef = BEFA99D926B84D0E0089F1CF /* Assets.xcassets */; };
		BEFA99DD26B84D0E0089F1CF /* LaunchScreen.storyboard in Resources */ = {isa = PBXBuildFile; fileRef = BEFA99DB26B84D0E0089F1CF /* LaunchScreen.storyboard */; };
/* End PBXBuildFile section */

/* Begin PBXFileReference section */
		BE22E95426B86FD2005E44E1 /* MusicTableViewController.swift */ = {isa = PBXFileReference; lastKnownFileType = sourcecode.swift; path = MusicTableViewController.swift; sourceTree = "<group>"; };
		BE22E95626B87007005E44E1 /* MovieTableViewController.swift */ = {isa = PBXFileReference; lastKnownFileType = sourcecode.swift; path = MovieTableViewController.swift; sourceTree = "<group>"; };
		BE22E95826B9E922005E44E1 /* Song.swift */ = {isa = PBXFileReference; lastKnownFileType = sourcecode.swift; path = Song.swift; sourceTree = "<group>"; };
		BE22E95A26B9EA94005E44E1 /* DataManager.swift */ = {isa = PBXFileReference; lastKnownFileType = sourcecode.swift; path = DataManager.swift; sourceTree = "<group>"; };
		BE22E95C26B9FC03005E44E1 /* DetailMusicViewController.swift */ = {isa = PBXFileReference; lastKnownFileType = sourcecode.swift; path = DetailMusicViewController.swift; sourceTree = "<group>"; };
		BE723A7726BA09D900C2DF87 /* MovieTableViewCell.swift */ = {isa = PBXFileReference; lastKnownFileType = sourcecode.swift; path = MovieTableViewCell.swift; sourceTree = "<group>"; };
		BE723A7926BA16F400C2DF87 /* Movie.swift */ = {isa = PBXFileReference; lastKnownFileType = sourcecode.swift; path = Movie.swift; sourceTree = "<group>"; };
		BEFA99CD26B84D0B0089F1CF /* TableList.app */ = {isa = PBXFileReference; explicitFileType = wrapper.application; includeInIndex = 0; path = TableList.app; sourceTree = BUILT_PRODUCTS_DIR; };
		BEFA99D026B84D0B0089F1CF /* AppDelegate.swift */ = {isa = PBXFileReference; lastKnownFileType = sourcecode.swift; path = AppDelegate.swift; sourceTree = "<group>"; };
		BEFA99D226B84D0B0089F1CF /* SceneDelegate.swift */ = {isa = PBXFileReference; lastKnownFileType = sourcecode.swift; path = SceneDelegate.swift; sourceTree = "<group>"; };
		BEFA99D726B84D0B0089F1CF /* Base */ = {isa = PBXFileReference; lastKnownFileType = file.storyboard; name = Base; path = Base.lproj/Main.storyboard; sourceTree = "<group>"; };
		BEFA99D926B84D0E0089F1CF /* Assets.xcassets */ = {isa = PBXFileReference; lastKnownFileType = folder.assetcatalog; path = Assets.xcassets; sourceTree = "<group>"; };
		BEFA99DC26B84D0E0089F1CF /* Base */ = {isa = PBXFileReference; lastKnownFileType = file.storyboard; name = Base; path = Base.lproj/LaunchScreen.storyboard; sourceTree = "<group>"; };
		BEFA99DE26B84D0E0089F1CF /* Info.plist */ = {isa = PBXFileReference; lastKnownFileType = text.plist.xml; path = Info.plist; sourceTree = "<group>"; };
/* End PBXFileReference section */

/* Begin PBXFrameworksBuildPhase section */
		BEFA99CA26B84D0B0089F1CF /* Frameworks */ = {
			isa = PBXFrameworksBuildPhase;
			buildActionMask = 2147483647;
			files = (
			);
			runOnlyForDeploymentPostprocessing = 0;
		};
/* End PBXFrameworksBuildPhase section */

/* Begin PBXGroup section */
		BEFA99C426B84D0A0089F1CF = {
			isa = PBXGroup;
			children = (
				BEFA99CF26B84D0B0089F1CF /* TableList */,
				BEFA99CE26B84D0B0089F1CF /* Products */,
			);
			sourceTree = "<group>";
		};
		BEFA99CE26B84D0B0089F1CF /* Products */ = {
			isa = PBXGroup;
			children = (
				BEFA99CD26B84D0B0089F1CF /* TableList.app */,
			);
			name = Products;
			sourceTree = "<group>";
		};
		BEFA99CF26B84D0B0089F1CF /* TableList */ = {
			isa = PBXGroup;
			children = (
				BEFA99E426B84D1A0089F1CF /* AppDelegate */,
				BEFA99E726B84D6D0089F1CF /* Model */,
				BEFA99E526B84D2F0089F1CF /* Controller */,
				BEFA99D926B84D0E0089F1CF /* Assets.xcassets */,
				BEFA99DE26B84D0E0089F1CF /* Info.plist */,
			);
			path = TableList;
			sourceTree = "<group>";
		};
		BEFA99E426B84D1A0089F1CF /* AppDelegate */ = {
			isa = PBXGroup;
			children = (
				BEFA99D026B84D0B0089F1CF /* AppDelegate.swift */,
				BEFA99D226B84D0B0089F1CF /* SceneDelegate.swift */,
			);
			path = AppDelegate;
			sourceTree = "<group>";
		};
		BEFA99E526B84D2F0089F1CF /* Controller */ = {
			isa = PBXGroup;
			children = (
				BE22E95C26B9FC03005E44E1 /* DetailMusicViewController.swift */,
				BE22E95426B86FD2005E44E1 /* MusicTableViewController.swift */,
				BE22E95626B87007005E44E1 /* MovieTableViewController.swift */,
				BE723A7726BA09D900C2DF87 /* MovieTableViewCell.swift */,
			);
			path = Controller;
			sourceTree = "<group>";
		};
		BEFA99E626B84D480089F1CF /* View */ = {
			isa = PBXGroup;
			children = (
				BEFA99D626B84D0B0089F1CF /* Main.storyboard */,
				BEFA99DB26B84D0E0089F1CF /* LaunchScreen.storyboard */,
			);
			path = View;
			sourceTree = "<group>";
		};
		BEFA99E726B84D6D0089F1CF /* Model */ = {
			isa = PBXGroup;
			children = (
				BE22E95826B9E922005E44E1 /* Song.swift */,
				BE723A7926BA16F400C2DF87 /* Movie.swift */,
				BE22E95A26B9EA94005E44E1 /* DataManager.swift */,
				BEFA99E626B84D480089F1CF /* View */,
			);
			path = Model;
			sourceTree = "<group>";
		};
/* End PBXGroup section */

/* Begin PBXNativeTarget section */
		BEFA99CC26B84D0B0089F1CF /* TableList */ = {
			isa = PBXNativeTarget;
			buildConfigurationList = BEFA99E126B84D0E0089F1CF /* Build configuration list for PBXNativeTarget "TableList" */;
			buildPhases = (
				BEFA99C926B84D0B0089F1CF /* Sources */,
				BEFA99CA26B84D0B0089F1CF /* Frameworks */,
				BEFA99CB26B84D0B0089F1CF /* Resources */,
			);
			buildRules = (
			);
			dependencies = (
			);
			name = TableList;
			productName = TableList;
			productReference = BEFA99CD26B84D0B0089F1CF /* TableList.app */;
			productType = "com.apple.product-type.application";
		};
/* End PBXNativeTarget section */

/* Begin PBXProject section */
		BEFA99C526B84D0A0089F1CF /* Project object */ = {
			isa = PBXProject;
			attributes = {
				LastSwiftUpdateCheck = 1250;
				LastUpgradeCheck = 1250;
				TargetAttributes = {
					BEFA99CC26B84D0B0089F1CF = {
						CreatedOnToolsVersion = 12.5.1;
					};
				};
			};
			buildConfigurationList = BEFA99C826B84D0A0089F1CF /* Build configuration list for PBXProject "TableList" */;
			compatibilityVersion = "Xcode 9.3";
			developmentRegion = en;
			hasScannedForEncodings = 0;
			knownRegions = (
				en,
				Base,
			);
			mainGroup = BEFA99C426B84D0A0089F1CF;
			productRefGroup = BEFA99CE26B84D0B0089F1CF /* Products */;
			projectDirPath = "";
			projectRoot = "";
			targets = (
				BEFA99CC26B84D0B0089F1CF /* TableList */,
			);
		};
/* End PBXProject section */

/* Begin PBXResourcesBuildPhase section */
		BEFA99CB26B84D0B0089F1CF /* Resources */ = {
			isa = PBXResourcesBuildPhase;
			buildActionMask = 2147483647;
			files = (
				BEFA99DD26B84D0E0089F1CF /* LaunchScreen.storyboard in Resources */,
				BEFA99DA26B84D0E0089F1CF /* Assets.xcassets in Resources */,
				BEFA99D826B84D0B0089F1CF /* Main.storyboard in Resources */,
			);
			runOnlyForDeploymentPostprocessing = 0;
		};
/* End PBXResourcesBuildPhase section */

/* Begin PBXSourcesBuildPhase section */
		BEFA99C926B84D0B0089F1CF /* Sources */ = {
			isa = PBXSourcesBuildPhase;
			buildActionMask = 2147483647;
			files = (
				BE22E95726B87007005E44E1 /* MovieTableViewController.swift in Sources */,
				BE22E95B26B9EA94005E44E1 /* DataManager.swift in Sources */,
				BE723A7A26BA16F400C2DF87 /* Movie.swift in Sources */,
				BEFA99D126B84D0B0089F1CF /* AppDelegate.swift in Sources */,
				BEFA99D326B84D0B0089F1CF /* SceneDelegate.swift in Sources */,
				BE22E95526B86FD2005E44E1 /* MusicTableViewController.swift in Sources */,
				BE22E95D26B9FC03005E44E1 /* DetailMusicViewController.swift in Sources */,
				BE723A7826BA09D900C2DF87 /* MovieTableViewCell.swift in Sources */,
				BE22E95926B9E922005E44E1 /* Song.swift in Sources */,
			);
			runOnlyForDeploymentPostprocessing = 0;
		};
/* End PBXSourcesBuildPhase section */

/* Begin PBXVariantGroup section */
		BEFA99D626B84D0B0089F1CF /* Main.storyboard */ = {
			isa = PBXVariantGroup;
			children = (
				BEFA99D726B84D0B0089F1CF /* Base */,
			);
			name = Main.storyboard;
			sourceTree = "<group>";
		};
		BEFA99DB26B84D0E0089F1CF /* LaunchScreen.storyboard */ = {
			isa = PBXVariantGroup;
			children = (
				BEFA99DC26B84D0E0089F1CF /* Base */,
			);
			name = LaunchScreen.storyboard;
			sourceTree = "<group>";
		};
/* End PBXVariantGroup section */

/* Begin XCBuildConfiguration section */
		BEFA99DF26B84D0E0089F1CF /* Debug */ = {
			isa = XCBuildConfiguration;
			buildSettings = {
				ALWAYS_SEARCH_USER_PATHS = NO;
				CLANG_ANALYZER_NONNULL = YES;
				CLANG_ANALYZER_NUMBER_OBJECT_CONVERSION = YES_AGGRESSIVE;
				CLANG_CXX_LANGUAGE_STANDARD = "gnu++14";
				CLANG_CXX_LIBRARY = "libc++";
				CLANG_ENABLE_MODULES = YES;
				CLANG_ENABLE_OBJC_ARC = YES;
				CLANG_ENABLE_OBJC_WEAK = YES;
				CLANG_WARN_BLOCK_CAPTURE_AUTORELEASING = YES;
				CLANG_WARN_BOOL_CONVERSION = YES;
				CLANG_WARN_COMMA = YES;
				CLANG_WARN_CONSTANT_CONVERSION = YES;
				CLANG_WARN_DEPRECATED_OBJC_IMPLEMENTATIONS = YES;
				CLANG_WARN_DIRECT_OBJC_ISA_USAGE = YES_ERROR;
				CLANG_WARN_DOCUMENTATION_COMMENTS = YES;
				CLANG_WARN_EMPTY_BODY = YES;
				CLANG_WARN_ENUM_CONVERSION = YES;
				CLANG_WARN_INFINITE_RECURSION = YES;
				CLANG_WARN_INT_CONVERSION = YES;
				CLANG_WARN_NON_LITERAL_NULL_CONVERSION = YES;
				CLANG_WARN_OBJC_IMPLICIT_RETAIN_SELF = YES;
				CLANG_WARN_OBJC_LITERAL_CONVERSION = YES;
				CLANG_WARN_OBJC_ROOT_CLASS = YES_ERROR;
				CLANG_WARN_QUOTED_INCLUDE_IN_FRAMEWORK_HEADER = YES;
				CLANG_WARN_RANGE_LOOP_ANALYSIS = YES;
				CLANG_WARN_STRICT_PROTOTYPES = YES;
				CLANG_WARN_SUSPICIOUS_MOVE = YES;
				CLANG_WARN_UNGUARDED_AVAILABILITY = YES_AGGRESSIVE;
				CLANG_WARN_UNREACHABLE_CODE = YES;
				CLANG_WARN__DUPLICATE_METHOD_MATCH = YES;
				COPY_PHASE_STRIP = NO;
				DEBUG_INFORMATION_FORMAT = dwarf;
				ENABLE_STRICT_OBJC_MSGSEND = YES;
				ENABLE_TESTABILITY = YES;
				GCC_C_LANGUAGE_STANDARD = gnu11;
				GCC_DYNAMIC_NO_PIC = NO;
				GCC_NO_COMMON_BLOCKS = YES;
				GCC_OPTIMIZATION_LEVEL = 0;
				GCC_PREPROCESSOR_DEFINITIONS = (
					"DEBUG=1",
					"$(inherited)",
				);
				GCC_WARN_64_TO_32_BIT_CONVERSION = YES;
				GCC_WARN_ABOUT_RETURN_TYPE = YES_ERROR;
				GCC_WARN_UNDECLARED_SELECTOR = YES;
				GCC_WARN_UNINITIALIZED_AUTOS = YES_AGGRESSIVE;
				GCC_WARN_UNUSED_FUNCTION = YES;
				GCC_WARN_UNUSED_VARIABLE = YES;
				IPHONEOS_DEPLOYMENT_TARGET = 14.5;
				MTL_ENABLE_DEBUG_INFO = INCLUDE_SOURCE;
				MTL_FAST_MATH = YES;
				ONLY_ACTIVE_ARCH = YES;
				SDKROOT = iphoneos;
				SWIFT_ACTIVE_COMPILATION_CONDITIONS = DEBUG;
				SWIFT_OPTIMIZATION_LEVEL = "-Onone";
			};
			name = Debug;
		};
		BEFA99E026B84D0E0089F1CF /* Release */ = {
			isa = XCBuildConfiguration;
			buildSettings = {
				ALWAYS_SEARCH_USER_PATHS = NO;
				CLANG_ANALYZER_NONNULL = YES;
				CLANG_ANALYZER_NUMBER_OBJECT_CONVERSION = YES_AGGRESSIVE;
				CLANG_CXX_LANGUAGE_STANDARD = "gnu++14";
				CLANG_CXX_LIBRARY = "libc++";
				CLANG_ENABLE_MODULES = YES;
				CLANG_ENABLE_OBJC_ARC = YES;
				CLANG_ENABLE_OBJC_WEAK = YES;
				CLANG_WARN_BLOCK_CAPTURE_AUTORELEASING = YES;
				CLANG_WARN_BOOL_CONVERSION = YES;
				CLANG_WARN_COMMA = YES;
				CLANG_WARN_CONSTANT_CONVERSION = YES;
				CLANG_WARN_DEPRECATED_OBJC_IMPLEMENTATIONS = YES;
				CLANG_WARN_DIRECT_OBJC_ISA_USAGE = YES_ERROR;
				CLANG_WARN_DOCUMENTATION_COMMENTS = YES;
				CLANG_WARN_EMPTY_BODY = YES;
				CLANG_WARN_ENUM_CONVERSION = YES;
				CLANG_WARN_INFINITE_RECURSION = YES;
				CLANG_WARN_INT_CONVERSION = YES;
				CLANG_WARN_NON_LITERAL_NULL_CONVERSION = YES;
				CLANG_WARN_OBJC_IMPLICIT_RETAIN_SELF = YES;
				CLANG_WARN_OBJC_LITERAL_CONVERSION = YES;
				CLANG_WARN_OBJC_ROOT_CLASS = YES_ERROR;
				CLANG_WARN_QUOTED_INCLUDE_IN_FRAMEWORK_HEADER = YES;
				CLANG_WARN_RANGE_LOOP_ANALYSIS = YES;
				CLANG_WARN_STRICT_PROTOTYPES = YES;
				CLANG_WARN_SUSPICIOUS_MOVE = YES;
				CLANG_WARN_UNGUARDED_AVAILABILITY = YES_AGGRESSIVE;
				CLANG_WARN_UNREACHABLE_CODE = YES;
				CLANG_WARN__DUPLICATE_METHOD_MATCH = YES;
				COPY_PHASE_STRIP = NO;
				DEBUG_INFORMATION_FORMAT = "dwarf-with-dsym";
				ENABLE_NS_ASSERTIONS = NO;
				ENABLE_STRICT_OBJC_MSGSEND = YES;
				GCC_C_LANGUAGE_STANDARD = gnu11;
				GCC_NO_COMMON_BLOCKS = YES;
				GCC_WARN_64_TO_32_BIT_CONVERSION = YES;
				GCC_WARN_ABOUT_RETURN_TYPE = YES_ERROR;
				GCC_WARN_UNDECLARED_SELECTOR = YES;
				GCC_WARN_UNINITIALIZED_AUTOS = YES_AGGRESSIVE;
				GCC_WARN_UNUSED_FUNCTION = YES;
				GCC_WARN_UNUSED_VARIABLE = YES;
				IPHONEOS_DEPLOYMENT_TARGET = 14.5;
				MTL_ENABLE_DEBUG_INFO = NO;
				MTL_FAST_MATH = YES;
				SDKROOT = iphoneos;
				SWIFT_COMPILATION_MODE = wholemodule;
				SWIFT_OPTIMIZATION_LEVEL = "-O";
				VALIDATE_PRODUCT = YES;
			};
			name = Release;
		};
		BEFA99E226B84D0E0089F1CF /* Debug */ = {
			isa = XCBuildConfiguration;
			buildSettings = {
				ASSETCATALOG_COMPILER_APPICON_NAME = AppIcon;
				ASSETCATALOG_COMPILER_GLOBAL_ACCENT_COLOR_NAME = AccentColor;
				CODE_SIGN_STYLE = Automatic;
				DEVELOPMENT_TEAM = FM6Z59USKZ;
				INFOPLIST_FILE = TableList/Info.plist;
				LD_RUNPATH_SEARCH_PATHS = (
					"$(inherited)",
					"@executable_path/Frameworks",
				);
				PRODUCT_BUNDLE_IDENTIFIER = Acc.TableList;
				PRODUCT_NAME = "$(TARGET_NAME)";
				SWIFT_VERSION = 5.0;
				TARGETED_DEVICE_FAMILY = "1,2";
			};
			name = Debug;
		};
		BEFA99E326B84D0E0089F1CF /* Release */ = {
			isa = XCBuildConfiguration;
			buildSettings = {
				ASSETCATALOG_COMPILER_APPICON_NAME = AppIcon;
				ASSETCATALOG_COMPILER_GLOBAL_ACCENT_COLOR_NAME = AccentColor;
				CODE_SIGN_STYLE = Automatic;
				DEVELOPMENT_TEAM = FM6Z59USKZ;
				INFOPLIST_FILE = TableList/Info.plist;
				LD_RUNPATH_SEARCH_PATHS = (
					"$(inherited)",
					"@executable_path/Frameworks",
				);
				PRODUCT_BUNDLE_IDENTIFIER = Acc.TableList;
				PRODUCT_NAME = "$(TARGET_NAME)";
				SWIFT_VERSION = 5.0;
				TARGETED_DEVICE_FAMILY = "1,2";
			};
			name = Release;
		};
/* End XCBuildConfiguration section */

/* Begin XCConfigurationList section */
		BEFA99C826B84D0A0089F1CF /* Build configuration list for PBXProject "TableList" */ = {
			isa = XCConfigurationList;
			buildConfigurations = (
				BEFA99DF26B84D0E0089F1CF /* Debug */,
				BEFA99E026B84D0E0089F1CF /* Release */,
			);
			defaultConfigurationIsVisible = 0;
			defaultConfigurationName = Release;
		};
		BEFA99E126B84D0E0089F1CF /* Build configuration list for PBXNativeTarget "TableList" */ = {
			isa = XCConfigurationList;
			buildConfigurations = (
				BEFA99E226B84D0E0089F1CF /* Debug */,
				BEFA99E326B84D0E0089F1CF /* Release */,
			);
			defaultConfigurationIsVisible = 0;
			defaultConfigurationName = Release;
		};
/* End XCConfigurationList section */
	};
	rootObject = BEFA99C526B84D0A0089F1CF /* Project object */;
}
